
Microsoft Visual Studio Solution File, Format Version 12.00
Project("{FAE04EC0-301F-11D3-BF4B-00C04F79EFBC}") = "firma-cmd", "firma-cmd\firma-cmd.csproj", "{D344CA88-C81C-491D-A084-94CF16D863B1}"
EndProject
Global
	GlobalSection(SolutionConfigurationPlatforms) = preSolution
		Debug|Any CPU = Debug|Any CPU
		Release|Any CPU = Release|Any CPU
	EndGlobalSection
	GlobalSection(ProjectConfigurationPlatforms) = postSolution
		{D344CA88-C81C-491D-A084-94CF16D863B1}.Debug|Any CPU.ActiveCfg = Debug|Any CPU
		{D344CA88-C81C-491D-A084-94CF16D863B1}.Debug|Any CPU.Build.0 = Debug|Any CPU
		{D344CA88-C81C-491D-A084-94CF16D863B1}.Release|Any CPU.ActiveCfg = Release|Any CPU
		{D344CA88-C81C-491D-A084-94CF16D863B1}.Release|Any CPU.Build.0 = Release|Any CPU
	EndGlobalSection
EndGlobal
